// !$*UTF8*$!
{
	archiveVersion = 1;
	classes = {
	};
	objectVersion = 46;
	objects = {

/* Begin PBXBuildFile section */
		ACB33AC21F968EBF0000E59B /* AppDelegate.swift in Sources */ = {isa = PBXBuildFile; fileRef = ACB33AC11F968EBF0000E59B /* AppDelegate.swift */; };
		ACB33AC41F968EBF0000E59B /* ViewController.swift in Sources */ = {isa = PBXBuildFile; fileRef = ACB33AC31F968EBF0000E59B /* ViewController.swift */; };
		ACB33AC71F968EC00000E59B /* Main.storyboard in Resources */ = {isa = PBXBuildFile; fileRef = ACB33AC51F968EC00000E59B /* Main.storyboard */; };
		ACB33AC91F968EC00000E59B /* Assets.xcassets in Resources */ = {isa = PBXBuildFile; fileRef = ACB33AC81F968EC00000E59B /* Assets.xcassets */; };
		ACB33ACC1F968EC00000E59B /* LaunchScreen.storyboard in Resources */ = {isa = PBXBuildFile; fileRef = ACB33ACA1F968EC00000E59B /* LaunchScreen.storyboard */; };
		ACB33AD51F9694CF0000E59B /* BorderButton.swift in Sources */ = {isa = PBXBuildFile; fileRef = ACB33AD41F9694CF0000E59B /* BorderButton.swift */; };
/* End PBXBuildFile section */

/* Begin PBXFileReference section */
		ACB33ABE1F968EBF0000E59B /* app-swoosh.app */ = {isa = PBXFileReference; explicitFileType = wrapper.application; includeInIndex = 0; path = "app-swoosh.app"; sourceTree = BUILT_PRODUCTS_DIR; };
		ACB33AC11F968EBF0000E59B /* AppDelegate.swift */ = {isa = PBXFileReference; lastKnownFileType = sourcecode.swift; path = AppDelegate.swift; sourceTree = "<group>"; };
		ACB33AC31F968EBF0000E59B /* ViewController.swift */ = {isa = PBXFileReference; lastKnownFileType = sourcecode.swift; path = ViewController.swift; sourceTree = "<group>"; };
		ACB33AC61F968EC00000E59B /* Base */ = {isa = PBXFileReference; lastKnownFileType = file.storyboard; name = Base; path = Base.lproj/Main.storyboard; sourceTree = "<group>"; };
		ACB33AC81F968EC00000E59B /* Assets.xcassets */ = {isa = PBXFileReference; lastKnownFileType = folder.assetcatalog; path = Assets.xcassets; sourceTree = "<group>"; };
		ACB33ACB1F968EC00000E59B /* Base */ = {isa = PBXFileReference; lastKnownFileType = file.storyboard; name = Base; path = Base.lproj/LaunchScreen.storyboard; sourceTree = "<group>"; };
		ACB33ACD1F968EC00000E59B /* Info.plist */ = {isa = PBXFileReference; lastKnownFileType = text.plist.xml; path = Info.plist; sourceTree = "<group>"; };
		ACB33AD41F9694CF0000E59B /* BorderButton.swift */ = {isa = PBXFileReference; fileEncoding = 4; lastKnownFileType = sourcecode.swift; path = BorderButton.swift; sourceTree = "<group>"; };
/* End PBXFileReference section */

/* Begin PBXFrameworksBuildPhase section */
		ACB33ABB1F968EBF0000E59B /* Frameworks */ = {
			isa = PBXFrameworksBuildPhase;
			buildActionMask = 2147483647;
			files = (
			);
			runOnlyForDeploymentPostprocessing = 0;
		};
/* End PBXFrameworksBuildPhase section */

/* Begin PBXGroup section */
		ACB33AB51F968EBF0000E59B = {
			isa = PBXGroup;
			children = (
				ACB33AC01F968EBF0000E59B /* app-swoosh */,
				ACB33ABF1F968EBF0000E59B /* Products */,
			);
			sourceTree = "<group>";
		};
		ACB33ABF1F968EBF0000E59B /* Products */ = {
			isa = PBXGroup;
			children = (
				ACB33ABE1F968EBF0000E59B /* app-swoosh.app */,
			);
			name = Products;
			sourceTree = "<group>";
		};
		ACB33AC01F968EBF0000E59B /* app-swoosh */ = {
			isa = PBXGroup;
			children = (
				ACB33AD31F9694880000E59B /* VIEWS */,
				ACB33AC11F968EBF0000E59B /* AppDelegate.swift */,
				ACB33AC31F968EBF0000E59B /* ViewController.swift */,
				ACB33AC51F968EC00000E59B /* Main.storyboard */,
				ACB33AC81F968EC00000E59B /* Assets.xcassets */,
				ACB33ACA1F968EC00000E59B /* LaunchScreen.storyboard */,
				ACB33ACD1F968EC00000E59B /* Info.plist */,
			);
			path = "app-swoosh";
			sourceTree = "<group>";
		};
		ACB33AD31F9694880000E59B /* VIEWS */ = {
			isa = PBXGroup;
			children = (
				ACB33AD41F9694CF0000E59B /* BorderButton.swift */,
			);
			name = VIEWS;
			sourceTree = "<group>";
		};
/* End PBXGroup section */

/* Begin PBXNativeTarget section */
		ACB33ABD1F968EBF0000E59B /* app-swoosh */ = {
			isa = PBXNativeTarget;
			buildConfigurationList = ACB33AD01F968EC00000E59B /* Build configuration list for PBXNativeTarget "app-swoosh" */;
			buildPhases = (
				ACB33ABA1F968EBF0000E59B /* Sources */,
				ACB33ABB1F968EBF0000E59B /* Frameworks */,
				ACB33ABC1F968EBF0000E59B /* Resources */,
			);
			buildRules = (
			);
			dependencies = (
			);
			name = "app-swoosh";
			productName = "app-swoosh";
			productReference = ACB33ABE1F968EBF0000E59B /* app-swoosh.app */;
			productType = "com.apple.product-type.application";
		};
/* End PBXNativeTarget section */

/* Begin PBXProject section */
		ACB33AB61F968EBF0000E59B /* Project object */ = {
			isa = PBXProject;
			attributes = {
				LastSwiftUpdateCheck = 0830;
				LastUpgradeCheck = 0830;
				ORGANIZATIONNAME = "Quinton Quaye";
				TargetAttributes = {
					ACB33ABD1F968EBF0000E59B = {
						CreatedOnToolsVersion = 8.3;
						DevelopmentTeam = 4JD3TEP8Z6;
						ProvisioningStyle = Automatic;
					};
				};
			};
			buildConfigurationList = ACB33AB91F968EBF0000E59B /* Build configuration list for PBXProject "app-swoosh" */;
			compatibilityVersion = "Xcode 3.2";
			developmentRegion = English;
			hasScannedForEncodings = 0;
			knownRegions = (
				en,
				Base,
			);
			mainGroup = ACB33AB51F968EBF0000E59B;
			productRefGroup = ACB33ABF1F968EBF0000E59B /* Products */;
			projectDirPath = "";
			projectRoot = "";
			targets = (
				ACB33ABD1F968EBF0000E59B /* app-swoosh */,
			);
		};
/* End PBXProject section */

/* Begin PBXResourcesBuildPhase section */
		ACB33ABC1F968EBF0000E59B /* Resources */ = {
			isa = PBXResourcesBuildPhase;
			buildActionMask = 2147483647;
			files = (
				ACB33ACC1F968EC00000E59B /* LaunchScreen.storyboard in Resources */,
				ACB33AC91F968EC00000E59B /* Assets.xcassets in Resources */,
				ACB33AC71F968EC00000E59B /* Main.storyboard in Resources */,
			);
			runOnlyForDeploymentPostprocessing = 0;
		};
/* End PBXResourcesBuildPhase section */

/* Begin PBXSourcesBuildPhase section */
		ACB33ABA1F968EBF0000E59B /* Sources */ = {
			isa = PBXSourcesBuildPhase;
			buildActionMask = 2147483647;
			files = (
				ACB33AC41F968EBF0000E59B /* ViewController.swift in Sources */,
				ACB33AC21F968EBF0000E59B /* AppDelegate.swift in Sources */,
				ACB33AD51F9694CF0000E59B /* BorderButton.swift in Sources */,
			);
			runOnlyForDeploymentPostprocessing = 0;
		};
/* End PBXSourcesBuildPhase section */

/* Begin PBXVariantGroup section */
		ACB33AC51F968EC00000E59B /* Main.storyboard */ = {
			isa = PBXVariantGroup;
			children = (
				ACB33AC61F968EC00000E59B /* Base */,
			);
			name = Main.storyboard;
			sourceTree = "<group>";
		};
		ACB33ACA1F968EC00000E59B /* LaunchScreen.storyboard */ = {
			isa = PBXVariantGroup;
			children = (
				ACB33ACB1F968EC00000E59B /* Base */,
			);
			name = LaunchScreen.storyboard;
			sourceTree = "<group>";
		};
/* End PBXVariantGroup section */

/* Begin XCBuildConfiguration section */
		ACB33ACE1F968EC00000E59B /* Debug */ = {
			isa = XCBuildConfiguration;
			buildSettings = {
				ALWAYS_SEARCH_USER_PATHS = NO;
				CLANG_ANALYZER_NONNULL = YES;
				CLANG_ANALYZER_NUMBER_OBJECT_CONVERSION = YES_AGGRESSIVE;
				CLANG_CXX_LANGUAGE_STANDARD = "gnu++0x";
				CLANG_CXX_LIBRARY = "libc++";
				CLANG_ENABLE_MODULES = YES;
				CLANG_ENABLE_OBJC_ARC = YES;
				CLANG_WARN_BOOL_CONVERSION = YES;
				CLANG_WARN_CONSTANT_CONVERSION = YES;
				CLANG_WARN_DIRECT_OBJC_ISA_USAGE = YES_ERROR;
				CLANG_WARN_DOCUMENTATION_COMMENTS = YES;
				CLANG_WARN_EMPTY_BODY = YES;
				CLANG_WARN_ENUM_CONVERSION = YES;
				CLANG_WARN_INFINITE_RECURSION = YES;
				CLANG_WARN_INT_CONVERSION = YES;
				CLANG_WARN_OBJC_ROOT_CLASS = YES_ERROR;
				CLANG_WARN_SUSPICIOUS_MOVE = YES;
				CLANG_WARN_UNREACHABLE_CODE = YES;
				CLANG_WARN__DUPLICATE_METHOD_MATCH = YES;
				"CODE_SIGN_IDENTITY[sdk=iphoneos*]" = "iPhone Developer";
				COPY_PHASE_STRIP = NO;
				DEBUG_INFORMATION_FORMAT = dwarf;
				ENABLE_STRICT_OBJC_MSGSEND = YES;
				ENABLE_TESTABILITY = YES;
				GCC_C_LANGUAGE_STANDARD = gnu99;
				GCC_DYNAMIC_NO_PIC = NO;
				GCC_NO_COMMON_BLOCKS = YES;
				GCC_OPTIMIZATION_LEVEL = 0;
				GCC_PREPROCESSOR_DEFINITIONS = (
					"DEBUG=1",
					"$(inherited)",
				);
				GCC_WARN_64_TO_32_BIT_CONVERSION = YES;
				GCC_WARN_ABOUT_RETURN_TYPE = YES_ERROR;
				GCC_WARN_UNDECLARED_SELECTOR = YES;
				GCC_WARN_UNINITIALIZED_AUTOS = YES_AGGRESSIVE;
				GCC_WARN_UNUSED_FUNCTION = YES;
				GCC_WARN_UNUSED_VARIABLE = YES;
				IPHONEOS_DEPLOYMENT_TARGET = 10.3;
				MTL_ENABLE_DEBUG_INFO = YES;
				ONLY_ACTIVE_ARCH = YES;
				SDKROOT = iphoneos;
				SWIFT_ACTIVE_COMPILATION_CONDITIONS = DEBUG;
				SWIFT_OPTIMIZATION_LEVEL = "-Onone";
				TARGETED_DEVICE_FAMILY = "1,2";
			};
			name = Debug;
		};
		ACB33ACF1F968EC00000E59B /* Release */ = {
			isa = XCBuildConfiguration;
			buildSettings = {
				ALWAYS_SEARCH_USER_PATHS = NO;
				CLANG_ANALYZER_NONNULL = YES;
				CLANG_ANALYZER_NUMBER_OBJECT_CONVERSION = YES_AGGRESSIVE;
				CLANG_CXX_LANGUAGE_STANDARD = "gnu++0x";
				CLANG_CXX_LIBRARY = "libc++";
				CLANG_ENABLE_MODULES = YES;
				CLANG_ENABLE_OBJC_ARC = YES;
				CLANG_WARN_BOOL_CONVERSION = YES;
				CLANG_WARN_CONSTANT_CONVERSION = YES;
				CLANG_WARN_DIRECT_OBJC_ISA_USAGE = YES_ERROR;
				CLANG_WARN_DOCUMENTATION_COMMENTS = YES;
				CLANG_WARN_EMPTY_BODY = YES;
				CLANG_WARN_ENUM_CONVERSION = YES;
				CLANG_WARN_INFINITE_RECURSION = YES;
				CLANG_WARN_INT_CONVERSION = YES;
				CLANG_WARN_OBJC_ROOT_CLASS = YES_ERROR;
				CLANG_WARN_SUSPICIOUS_MOVE = YES;
				CLANG_WARN_UNREACHABLE_CODE = YES;
				CLANG_WARN__DUPLICATE_METHOD_MATCH = YES;
				"CODE_SIGN_IDENTITY[sdk=iphoneos*]" = "iPhone Developer";
				COPY_PHASE_STRIP = NO;
				DEBUG_INFORMATION_FORMAT = "dwarf-with-dsym";
				ENABLE_NS_ASSERTIONS = NO;
				ENABLE_STRICT_OBJC_MSGSEND = YES;
				GCC_C_LANGUAGE_STANDARD = gnu99;
				GCC_NO_COMMON_BLOCKS = YES;
				GCC_WARN_64_TO_32_BIT_CONVERSION = YES;
				GCC_WARN_ABOUT_RETURN_TYPE = YES_ERROR;
				GCC_WARN_UNDECLARED_SELECTOR = YES;
				GCC_WARN_UNINITIALIZED_AUTOS = YES_AGGRESSIVE;
				GCC_WARN_UNUSED_FUNCTION = YES;
				GCC_WARN_UNUSED_VARIABLE = YES;
				IPHONEOS_DEPLOYMENT_TARGET = 10.3;
				MTL_ENABLE_DEBUG_INFO = NO;
				SDKROOT = iphoneos;
				SWIFT_OPTIMIZATION_LEVEL = "-Owholemodule";
				TARGETED_DEVICE_FAMILY = "1,2";
				VALIDATE_PRODUCT = YES;
			};
			name = Release;
		};
		ACB33AD11F968EC00000E59B /* Debug */ = {
			isa = XCBuildConfiguration;
			buildSettings = {
				ASSETCATALOG_COMPILER_APPICON_NAME = AppIcon;
				DEVELOPMENT_TEAM = 4JD3TEP8Z6;
				INFOPLIST_FILE = "app-swoosh/Info.plist";
				LD_RUNPATH_SEARCH_PATHS = "$(inherited) @executable_path/Frameworks";
				PRODUCT_BUNDLE_IDENTIFIER = "theQ.thePlayAround.app-swoosh";
				PRODUCT_NAME = "$(TARGET_NAME)";
				SWIFT_VERSION = 3.0;
			};
			name = Debug;
		};
		ACB33AD21F968EC00000E59B /* Release */ = {
			isa = XCBuildConfiguration;
			buildSettings = {
				ASSETCATALOG_COMPILER_APPICON_NAME = AppIcon;
				DEVELOPMENT_TEAM = 4JD3TEP8Z6;
				INFOPLIST_FILE = "app-swoosh/Info.plist";
				LD_RUNPATH_SEARCH_PATHS = "$(inherited) @executable_path/Frameworks";
				PRODUCT_BUNDLE_IDENTIFIER = "theQ.thePlayAround.app-swoosh";
				PRODUCT_NAME = "$(TARGET_NAME)";
				SWIFT_VERSION = 3.0;
			};
			name = Release;
		};
/* End XCBuildConfiguration section */

/* Begin XCConfigurationList section */
		ACB33AB91F968EBF0000E59B /* Build configuration list for PBXProject "app-swoosh" */ = {
			isa = XCConfigurationList;
			buildConfigurations = (
				ACB33ACE1F968EC00000E59B /* Debug */,
				ACB33ACF1F968EC00000E59B /* Release */,
			);
			defaultConfigurationIsVisible = 0;
			defaultConfigurationName = Release;
		};
		ACB33AD01F968EC00000E59B /* Build configuration list for PBXNativeTarget "app-swoosh" */ = {
			isa = XCConfigurationList;
			buildConfigurations = (
				ACB33AD11F968EC00000E59B /* Debug */,
				ACB33AD21F968EC00000E59B /* Release */,
			);
			defaultConfigurationIsVisible = 0;
		};
/* End XCConfigurationList section */
	};
	rootObject = ACB33AB61F968EBF0000E59B /* Project object */;
}
